
Microsoft Visual Studio Solution File, Format Version 12.00
# Visual Studio Version 17
VisualStudioVersion = 17.9.34728.123
MinimumVisualStudioVersion = 10.0.40219.1
Project("{FAE04EC0-301F-11D3-BF4B-00C04F79EFBC}") = "VendendoPecas", "VendendoPecas\VendendoPecas.csproj", "{5B358D75-B668-4587-9DCC-013492F5B5CC}"
EndProject
Global
	GlobalSection(SolutionConfigurationPlatforms) = preSolution
		Debug|Any CPU = Debug|Any CPU
		Release|Any CPU = Release|Any CPU
	EndGlobalSection
	GlobalSection(ProjectConfigurationPlatforms) = postSolution
		{5B358D75-B668-4587-9DCC-013492F5B5CC}.Debug|Any CPU.ActiveCfg = Debug|Any CPU
		{5B358D75-B668-4587-9DCC-013492F5B5CC}.Debug|Any CPU.Build.0 = Debug|Any CPU
		{5B358D75-B668-4587-9DCC-013492F5B5CC}.Release|Any CPU.ActiveCfg = Release|Any CPU
		{5B358D75-B668-4587-9DCC-013492F5B5CC}.Release|Any CPU.Build.0 = Release|Any CPU
	EndGlobalSection
	GlobalSection(SolutionProperties) = preSolution
		HideSolutionNode = FALSE
	EndGlobalSection
	GlobalSection(ExtensibilityGlobals) = postSolution
		SolutionGuid = {684759AC-A582-418A-BA67-3643AF5FD305}
	EndGlobalSection
EndGlobal
